
Microsoft Visual Studio Solution File, Format Version 12.00
# Visual Studio Version 17
VisualStudioVersion = 17.11.35327.3
MinimumVisualStudioVersion = 10.0.40219.1
Project("{FAE04EC0-301F-11D3-BF4B-00C04F79EFBC}") = "DBMS.SQL", "DBMS.SQL\DBMS.SQL.csproj", "{FD33E64B-393E-49CA-A320-B0C65950190E}"
EndProject
Global
	GlobalSection(SolutionConfigurationPlatforms) = preSolution
		Debug|Any CPU = Debug|Any CPU
		Release|Any CPU = Release|Any CPU
	EndGlobalSection
	GlobalSection(ProjectConfigurationPlatforms) = postSolution
		{FD33E64B-393E-49CA-A320-B0C65950190E}.Debug|Any CPU.ActiveCfg = Debug|Any CPU
		{FD33E64B-393E-49CA-A320-B0C65950190E}.Debug|Any CPU.Build.0 = Debug|Any CPU
		{FD33E64B-393E-49CA-A320-B0C65950190E}.Release|Any CPU.ActiveCfg = Release|Any CPU
		{FD33E64B-393E-49CA-A320-B0C65950190E}.Release|Any CPU.Build.0 = Release|Any CPU
	EndGlobalSection
	GlobalSection(SolutionProperties) = preSolution
		HideSolutionNode = FALSE
	EndGlobalSection
	GlobalSection(ExtensibilityGlobals) = postSolution
		SolutionGuid = {FA72FC4A-A672-49DF-8655-C3EA0FB6CD78}
	EndGlobalSection
EndGlobal
